
Microsoft Visual Studio Solution File, Format Version 12.00
# Visual Studio Version 16
VisualStudioVersion = 16.0.28922.388
MinimumVisualStudioVersion = 10.0.40219.1
Project("{8BC9CEB8-8B4A-11D0-8D11-00A0C91BC942}") = "TinyXml-examples-141", "TinyXml-examples-141\TinyXml-examples-141.vcxproj", "{85AF0EBB-C2C0-4595-A35D-0E1C7982A91C}"
EndProject
Project("{8BC9CEB8-8B4A-11D0-8D11-00A0C91BC942}") = "TinyXml-examples-142", "TinyXml-examples-142\TinyXml-examples-142.vcxproj", "{DB82CA66-EFA6-4E2A-9CAC-0B085E7F4A7E}"
EndProject
Global
	GlobalSection(SolutionConfigurationPlatforms) = preSolution
		Debug|x64 = Debug|x64
		Debug|x86 = Debug|x86
		Release|x64 = Release|x64
		Release|x86 = Release|x86
	EndGlobalSection
	GlobalSection(ProjectConfigurationPlatforms) = postSolution
		{85AF0EBB-C2C0-4595-A35D-0E1C7982A91C}.Debug|x64.ActiveCfg = Debug|x64
		{85AF0EBB-C2C0-4595-A35D-0E1C7982A91C}.Debug|x64.Build.0 = Debug|x64
		{85AF0EBB-C2C0-4595-A35D-0E1C7982A91C}.Debug|x86.ActiveCfg = Debug|Win32
		{85AF0EBB-C2C0-4595-A35D-0E1C7982A91C}.Debug|x86.Build.0 = Debug|Win32
		{85AF0EBB-C2C0-4595-A35D-0E1C7982A91C}.Release|x64.ActiveCfg = Release|x64
		{85AF0EBB-C2C0-4595-A35D-0E1C7982A91C}.Release|x64.Build.0 = Release|x64
		{85AF0EBB-C2C0-4595-A35D-0E1C7982A91C}.Release|x86.ActiveCfg = Release|Win32
		{85AF0EBB-C2C0-4595-A35D-0E1C7982A91C}.Release|x86.Build.0 = Release|Win32
		{DB82CA66-EFA6-4E2A-9CAC-0B085E7F4A7E}.Debug|x64.ActiveCfg = Debug|x64
		{DB82CA66-EFA6-4E2A-9CAC-0B085E7F4A7E}.Debug|x64.Build.0 = Debug|x64
		{DB82CA66-EFA6-4E2A-9CAC-0B085E7F4A7E}.Debug|x86.ActiveCfg = Debug|Win32
		{DB82CA66-EFA6-4E2A-9CAC-0B085E7F4A7E}.Debug|x86.Build.0 = Debug|Win32
		{DB82CA66-EFA6-4E2A-9CAC-0B085E7F4A7E}.Release|x64.ActiveCfg = Release|x64
		{DB82CA66-EFA6-4E2A-9CAC-0B085E7F4A7E}.Release|x64.Build.0 = Release|x64
		{DB82CA66-EFA6-4E2A-9CAC-0B085E7F4A7E}.Release|x86.ActiveCfg = Release|Win32
		{DB82CA66-EFA6-4E2A-9CAC-0B085E7F4A7E}.Release|x86.Build.0 = Release|Win32
	EndGlobalSection
	GlobalSection(SolutionProperties) = preSolution
		HideSolutionNode = FALSE
	EndGlobalSection
	GlobalSection(ExtensibilityGlobals) = postSolution
		SolutionGuid = {0554EA63-3971-4970-8E0F-1CF3C1AE0DC1}
	EndGlobalSection
EndGlobal
